# THIS IS AN AUTOGENERATED FILE. DO NOT EDIT THIS FILE DIRECTLY.
# yarn lockfile v1


"@mt/types-kayn@1.15.26":
  version "1.15.26"
  resolved "http://npm.scccdev.com/@mt/types-kayn/-/types-kayn-1.15.26.tgz#787159ac33ccdcbd07e24f719324073c767a2e7d"
  integrity sha512-VuKzAUM6DChqQ3+dWUywx8a6xbsMJmA3Gho6O/MbFPbCbMeSVIzjg2y9UfMvER8p3CAEEGM6TU8OM2f1OQHOEw==
